
Microsoft Visual Studio Solution File, Format Version 12.00
# Visual Studio 15
VisualStudioVersion = 15.0.26228.21
MinimumVisualStudioVersion = 10.0.40219.1
Project("{FAE04EC0-301F-11D3-BF4B-00C04F79EFBC}") = "XP2AFSAirportConvertor", "XP2AFSAirportConverter.csproj", "{EE148E67-55A0-4D5E-9702-0DCFC61E0278}"
EndProject
Global
	GlobalSection(SolutionConfigurationPlatforms) = preSolution
		Debug|Any CPU = Debug|Any CPU
		Release|Any CPU = Release|Any CPU
	EndGlobalSection
	GlobalSection(ProjectConfigurationPlatforms) = postSolution
		{EE148E67-55A0-4D5E-9702-0DCFC61E0278}.Debug|Any CPU.ActiveCfg = Debug|Any CPU
		{EE148E67-55A0-4D5E-9702-0DCFC61E0278}.Debug|Any CPU.Build.0 = Debug|Any CPU
		{EE148E67-55A0-4D5E-9702-0DCFC61E0278}.Release|Any CPU.ActiveCfg = Release|Any CPU
		{EE148E67-55A0-4D5E-9702-0DCFC61E0278}.Release|Any CPU.Build.0 = Release|Any CPU
	EndGlobalSection
	GlobalSection(SolutionProperties) = preSolution
		HideSolutionNode = FALSE
	EndGlobalSection
EndGlobal
